
Microsoft Visual Studio Solution File, Format Version 12.00
# Visual Studio Version 16
VisualStudioVersion = 16.0.31112.23
MinimumVisualStudioVersion = 10.0.40219.1
Project("{FAE04EC0-301F-11D3-BF4B-00C04F79EFBC}") = "TourAppAPI", "TourAppAPI\TourAppAPI.csproj", "{20637AAE-CFA1-413E-A7E6-032F91FE70E5}"
EndProject
Global
	GlobalSection(SolutionConfigurationPlatforms) = preSolution
		Debug|Any CPU = Debug|Any CPU
		Release|Any CPU = Release|Any CPU
	EndGlobalSection
	GlobalSection(ProjectConfigurationPlatforms) = postSolution
		{20637AAE-CFA1-413E-A7E6-032F91FE70E5}.Debug|Any CPU.ActiveCfg = Debug|Any CPU
		{20637AAE-CFA1-413E-A7E6-032F91FE70E5}.Debug|Any CPU.Build.0 = Debug|Any CPU
		{20637AAE-CFA1-413E-A7E6-032F91FE70E5}.Release|Any CPU.ActiveCfg = Release|Any CPU
		{20637AAE-CFA1-413E-A7E6-032F91FE70E5}.Release|Any CPU.Build.0 = Release|Any CPU
	EndGlobalSection
	GlobalSection(SolutionProperties) = preSolution
		HideSolutionNode = FALSE
	EndGlobalSection
	GlobalSection(ExtensibilityGlobals) = postSolution
		SolutionGuid = {D9898D5E-E43F-4DF9-B042-71D11DEEA22E}
	EndGlobalSection
EndGlobal
